
Microsoft Visual Studio Solution File, Format Version 12.00
# Visual Studio 14
VisualStudioVersion = 14.0.22823.1
MinimumVisualStudioVersion = 10.0.40219.1
Project("{FAE04EC0-301F-11D3-BF4B-00C04F79EFBC}") = "RedSkyTechnology.Web", "RedSkyTechnology.Web\RedSkyTechnology.Web.csproj", "{B45C80B1-ADB9-4725-B574-06D7C63F34B0}"
EndProject
Project("{FAE04EC0-301F-11D3-BF4B-00C04F79EFBC}") = "RedSkyTechnology.Tests", "RedSkyTechnology.Tests\RedSkyTechnology.Tests.csproj", "{ADFFF950-AA9E-489F-94C2-B7DC071E7735}"
EndProject
Global
	GlobalSection(SolutionConfigurationPlatforms) = preSolution
		Debug|Any CPU = Debug|Any CPU
		Release|Any CPU = Release|Any CPU
	EndGlobalSection
	GlobalSection(ProjectConfigurationPlatforms) = postSolution
		{B45C80B1-ADB9-4725-B574-06D7C63F34B0}.Debug|Any CPU.ActiveCfg = Debug|Any CPU
		{B45C80B1-ADB9-4725-B574-06D7C63F34B0}.Debug|Any CPU.Build.0 = Debug|Any CPU
		{B45C80B1-ADB9-4725-B574-06D7C63F34B0}.Release|Any CPU.ActiveCfg = Release|Any CPU
		{B45C80B1-ADB9-4725-B574-06D7C63F34B0}.Release|Any CPU.Build.0 = Release|Any CPU
		{ADFFF950-AA9E-489F-94C2-B7DC071E7735}.Debug|Any CPU.ActiveCfg = Debug|Any CPU
		{ADFFF950-AA9E-489F-94C2-B7DC071E7735}.Debug|Any CPU.Build.0 = Debug|Any CPU
		{ADFFF950-AA9E-489F-94C2-B7DC071E7735}.Release|Any CPU.ActiveCfg = Release|Any CPU
		{ADFFF950-AA9E-489F-94C2-B7DC071E7735}.Release|Any CPU.Build.0 = Release|Any CPU
	EndGlobalSection
	GlobalSection(SolutionProperties) = preSolution
		HideSolutionNode = FALSE
	EndGlobalSection
EndGlobal
